
Microsoft Visual Studio Solution File, Format Version 12.00
# Visual Studio Version 17
VisualStudioVersion = 17.14.36518.9 d17.14
MinimumVisualStudioVersion = 10.0.40219.1
Project("{FAE04EC0-301F-11D3-BF4B-00C04F79EFBC}") = "FourTwenty.LokoMerchant.Client", "FourTwenty.LokoMerchant.Client\FourTwenty.LokoMerchant.Client.csproj", "{0431BAEA-00B7-409E-B1A3-569DCF956BD7}"
EndProject
Global
	GlobalSection(SolutionConfigurationPlatforms) = preSolution
		Debug|Any CPU = Debug|Any CPU
		Release|Any CPU = Release|Any CPU
	EndGlobalSection
	GlobalSection(ProjectConfigurationPlatforms) = postSolution
		{0431BAEA-00B7-409E-B1A3-569DCF956BD7}.Debug|Any CPU.ActiveCfg = Debug|Any CPU
		{0431BAEA-00B7-409E-B1A3-569DCF956BD7}.Debug|Any CPU.Build.0 = Debug|Any CPU
		{0431BAEA-00B7-409E-B1A3-569DCF956BD7}.Release|Any CPU.ActiveCfg = Release|Any CPU
		{0431BAEA-00B7-409E-B1A3-569DCF956BD7}.Release|Any CPU.Build.0 = Release|Any CPU
	EndGlobalSection
	GlobalSection(SolutionProperties) = preSolution
		HideSolutionNode = FALSE
	EndGlobalSection
	GlobalSection(ExtensibilityGlobals) = postSolution
		SolutionGuid = {C90CC91D-092F-4494-8A39-21CFFC3B1F4E}
	EndGlobalSection
EndGlobal
